
Microsoft Visual Studio Solution File, Format Version 12.00
# Visual Studio Version 16
VisualStudioVersion = 16.0.31729.503
MinimumVisualStudioVersion = 10.0.40219.1
Project("{FAE04EC0-301F-11D3-BF4B-00C04F79EFBC}") = "MVCApplication", "MVCApplication\MVCApplication.csproj", "{8AA2C5AE-0418-414A-BD55-6316A90AB383}"
EndProject
Project("{FAE04EC0-301F-11D3-BF4B-00C04F79EFBC}") = "Infrastructure", "Infrastructure\Infrastructure.csproj", "{1ECCA041-ECF4-40B8-8659-C00C99804F79}"
EndProject
Project("{FAE04EC0-301F-11D3-BF4B-00C04F79EFBC}") = "Service", "Service\Service.csproj", "{BBBA7745-2C59-4273-8633-9201207802E4}"
EndProject
Global
	GlobalSection(SolutionConfigurationPlatforms) = preSolution
		Debug|Any CPU = Debug|Any CPU
		Release|Any CPU = Release|Any CPU
	EndGlobalSection
	GlobalSection(ProjectConfigurationPlatforms) = postSolution
		{8AA2C5AE-0418-414A-BD55-6316A90AB383}.Debug|Any CPU.ActiveCfg = Debug|Any CPU
		{8AA2C5AE-0418-414A-BD55-6316A90AB383}.Debug|Any CPU.Build.0 = Debug|Any CPU
		{8AA2C5AE-0418-414A-BD55-6316A90AB383}.Release|Any CPU.ActiveCfg = Release|Any CPU
		{8AA2C5AE-0418-414A-BD55-6316A90AB383}.Release|Any CPU.Build.0 = Release|Any CPU
		{1ECCA041-ECF4-40B8-8659-C00C99804F79}.Debug|Any CPU.ActiveCfg = Debug|Any CPU
		{1ECCA041-ECF4-40B8-8659-C00C99804F79}.Debug|Any CPU.Build.0 = Debug|Any CPU
		{1ECCA041-ECF4-40B8-8659-C00C99804F79}.Release|Any CPU.ActiveCfg = Release|Any CPU
		{1ECCA041-ECF4-40B8-8659-C00C99804F79}.Release|Any CPU.Build.0 = Release|Any CPU
		{BBBA7745-2C59-4273-8633-9201207802E4}.Debug|Any CPU.ActiveCfg = Debug|Any CPU
		{BBBA7745-2C59-4273-8633-9201207802E4}.Debug|Any CPU.Build.0 = Debug|Any CPU
		{BBBA7745-2C59-4273-8633-9201207802E4}.Release|Any CPU.ActiveCfg = Release|Any CPU
		{BBBA7745-2C59-4273-8633-9201207802E4}.Release|Any CPU.Build.0 = Release|Any CPU
	EndGlobalSection
	GlobalSection(SolutionProperties) = preSolution
		HideSolutionNode = FALSE
	EndGlobalSection
	GlobalSection(ExtensibilityGlobals) = postSolution
		SolutionGuid = {D0FD2A21-B248-444D-BBA8-4C96ADF36461}
	EndGlobalSection
EndGlobal
